
Microsoft Visual Studio Solution File, Format Version 12.00
# Visual Studio 15
Project("{FAE04EC0-301F-11D3-BF4B-00C04F79EFBC}") = "Meta.WitAi.TTS.Editor", "Meta.WitAi.TTS.Editor.csproj", "{04B36B42-9951-D7E0-DBBA-5125752155A5}"
EndProject
Project("{FAE04EC0-301F-11D3-BF4B-00C04F79EFBC}") = "Meta.WitAi.Conduit", "Meta.WitAi.Conduit.csproj", "{6587639F-B983-130A-9687-65639AEBDC55}"
EndProject
Project("{FAE04EC0-301F-11D3-BF4B-00C04F79EFBC}") = "Assembly-CSharp", "Assembly-CSharp.csproj", "{ED633183-6DB8-B8DC-80F0-BA3D91A5B968}"
EndProject
Project("{FAE04EC0-301F-11D3-BF4B-00C04F79EFBC}") = "Oculus.Platform", "Oculus.Platform.csproj", "{48138CA0-E006-9081-1DC3-F515C5556180}"
EndProject
Project("{FAE04EC0-301F-11D3-BF4B-00C04F79EFBC}") = "VoiceSDK.Telemetry", "VoiceSDK.Telemetry.csproj", "{418F54A2-486A-F73F-8031-7A01B1ECCAAF}"
EndProject
Project("{FAE04EC0-301F-11D3-BF4B-00C04F79EFBC}") = "Oculus.Interaction.OVR.Samples", "Oculus.Interaction.OVR.Samples.csproj", "{772C9E22-BAA8-7E07-7B72-A0B845883090}"
EndProject
Project("{FAE04EC0-301F-11D3-BF4B-00C04F79EFBC}") = "Meta.WitAi.Lib", "Meta.WitAi.Lib.csproj", "{EBC17584-CB42-BF0C-A8D0-8D3062985CFC}"
EndProject
Project("{FAE04EC0-301F-11D3-BF4B-00C04F79EFBC}") = "Meta.WitAi.Editor", "Meta.WitAi.Editor.csproj", "{78C84F48-D97E-BE46-13A1-EACE745D858A}"
EndProject
Project("{FAE04EC0-301F-11D3-BF4B-00C04F79EFBC}") = "Meta.WitAi.Conduit.Editor", "Meta.WitAi.Conduit.Editor.csproj", "{AC587ACE-1CAE-97CA-0347-D77D2F30E3D8}"
EndProject
Project("{FAE04EC0-301F-11D3-BF4B-00C04F79EFBC}") = "Meta.WitAi", "Meta.WitAi.csproj", "{95F74F37-F8E7-8896-DCCB-A9F938BD6CF3}"
EndProject
Project("{FAE04EC0-301F-11D3-BF4B-00C04F79EFBC}") = "Oculus.LipSync", "Oculus.LipSync.csproj", "{40305F6E-4DC6-F653-95D2-6D0596B463DC}"
EndProject
Project("{FAE04EC0-301F-11D3-BF4B-00C04F79EFBC}") = "VoiceSDK.Editor", "VoiceSDK.Editor.csproj", "{EDAA855E-5F19-7262-386A-677AEC6AC306}"
EndProject
Project("{FAE04EC0-301F-11D3-BF4B-00C04F79EFBC}") = "Meta.WitAI.Lib.Editor", "Meta.WitAI.Lib.Editor.csproj", "{128DD7B1-F032-E377-6AFA-0E3893896045}"
EndProject
Project("{FAE04EC0-301F-11D3-BF4B-00C04F79EFBC}") = "Meta.WitAi.TTS", "Meta.WitAi.TTS.csproj", "{8589BD01-6EF5-C5D6-7DE0-A096F47A4554}"
EndProject
Project("{FAE04EC0-301F-11D3-BF4B-00C04F79EFBC}") = "Oculus.AudioManager", "Oculus.AudioManager.csproj", "{E580FDD1-186E-EB04-F1CC-5A63448610B6}"
EndProject
Project("{FAE04EC0-301F-11D3-BF4B-00C04F79EFBC}") = "Assembly-CSharp-Editor", "Assembly-CSharp-Editor.csproj", "{6DBD63CE-88DB-450E-C983-3651541115DC}"
EndProject
Project("{FAE04EC0-301F-11D3-BF4B-00C04F79EFBC}") = "Meta.Voice.Samples.BuiltInTimer", "Meta.Voice.Samples.BuiltInTimer.csproj", "{0850ECB7-6D6C-E07D-EF85-BE949E1D8AB6}"
EndProject
Project("{FAE04EC0-301F-11D3-BF4B-00C04F79EFBC}") = "Meta.Voice.VSDKHub.Editor", "Meta.Voice.VSDKHub.Editor.csproj", "{D3AE13ED-7F0E-912E-B886-52D818A57AD3}"
EndProject
Project("{FAE04EC0-301F-11D3-BF4B-00C04F79EFBC}") = "VoiceSDK.Dictation.Runtime", "VoiceSDK.Dictation.Runtime.csproj", "{16B34AA0-3561-C5F1-03AE-8EFF0A02FE30}"
EndProject
Project("{FAE04EC0-301F-11D3-BF4B-00C04F79EFBC}") = "AssistantCoreSDKRuntime", "AssistantCoreSDKRuntime.csproj", "{94D42280-35D2-C214-32AF-BBAD4B6E3130}"
EndProject
Project("{FAE04EC0-301F-11D3-BF4B-00C04F79EFBC}") = "Meta.Voice.Samples.TTSVoices", "Meta.Voice.Samples.TTSVoices.csproj", "{5750D217-452B-B04A-D79D-FC5001E17131}"
EndProject
Project("{FAE04EC0-301F-11D3-BF4B-00C04F79EFBC}") = "VoiceSDK.Runtime", "VoiceSDK.Runtime.csproj", "{BAC86709-4A93-75C1-5A29-A41490DD6759}"
EndProject
Project("{FAE04EC0-301F-11D3-BF4B-00C04F79EFBC}") = "Meta.WitAi.TTS.Samples", "Meta.WitAi.TTS.Samples.csproj", "{F96C7EA0-CA04-00F2-7E0F-FCF605E6DE89}"
EndProject
Project("{FAE04EC0-301F-11D3-BF4B-00C04F79EFBC}") = "Meta.Voice.Samples.LightTraits", "Meta.Voice.Samples.LightTraits.csproj", "{F45F1D73-E78C-8C8C-296D-66B6FC8EB6F0}"
EndProject
Project("{FAE04EC0-301F-11D3-BF4B-00C04F79EFBC}") = "Meta.Voice.Hub.Editor", "Meta.Voice.Hub.Editor.csproj", "{DC7607D5-1CEA-7B85-A756-888C807E42A8}"
EndProject
Project("{FAE04EC0-301F-11D3-BF4B-00C04F79EFBC}") = "Oculus.Interaction.Samples.Editor", "Oculus.Interaction.Samples.Editor.csproj", "{C02D9C0E-8BC8-FA34-7DF2-E5684D8B4FC7}"
EndProject
Project("{FAE04EC0-301F-11D3-BF4B-00C04F79EFBC}") = "Oculus.Platform.Editor", "Oculus.Platform.Editor.csproj", "{928C48C8-C1B9-4C36-A5B5-D4E5159DC7CB}"
EndProject
Project("{FAE04EC0-301F-11D3-BF4B-00C04F79EFBC}") = "Facebook.Wit.Dictation", "Facebook.Wit.Dictation.csproj", "{D8FAC3F9-FECF-F4A4-3132-B0B7B6EC4E57}"
EndProject
Project("{FAE04EC0-301F-11D3-BF4B-00C04F79EFBC}") = "Oculus.Spatializer.Editor", "Oculus.Spatializer.Editor.csproj", "{FD799172-53E9-A1D0-C170-AD3C1FB20EC9}"
EndProject
Project("{FAE04EC0-301F-11D3-BF4B-00C04F79EFBC}") = "Oculus.LipSync.Editor", "Oculus.LipSync.Editor.csproj", "{6ED13C39-74F3-0A77-5BCB-F6C38BEF18E0}"
EndProject
Project("{FAE04EC0-301F-11D3-BF4B-00C04F79EFBC}") = "Oculus.AudioManager.Utils.Editor", "Oculus.AudioManager.Utils.Editor.csproj", "{9BEAE2E0-AFF7-146B-03EC-82639051AAE5}"
EndProject
Project("{FAE04EC0-301F-11D3-BF4B-00C04F79EFBC}") = "Meta.VoiceSDK.Mic.Common", "Meta.VoiceSDK.Mic.Common.csproj", "{F03E02B4-BDB3-F12D-3758-7AC9141D8137}"
EndProject
Project("{FAE04EC0-301F-11D3-BF4B-00C04F79EFBC}") = "Meta.Voice.Samples.ShapesConduit", "Meta.Voice.Samples.ShapesConduit.csproj", "{2790BA0D-E7CB-E084-81FB-9FE813F76727}"
EndProject
Project("{FAE04EC0-301F-11D3-BF4B-00C04F79EFBC}") = "Oculus.Spatializer", "Oculus.Spatializer.csproj", "{A4390850-F4BA-0F89-8BA0-78D4B7B44687}"
EndProject
Project("{FAE04EC0-301F-11D3-BF4B-00C04F79EFBC}") = "Meta.VoiceSDK.Mic.Other", "Meta.VoiceSDK.Mic.Other.csproj", "{B3B5F509-016F-E976-2AF8-04E0BF6E5E7B}"
EndProject
Project("{FAE04EC0-301F-11D3-BF4B-00C04F79EFBC}") = "Oculus.AudioManager.Audio.Editor", "Oculus.AudioManager.Audio.Editor.csproj", "{C14753BB-2A1C-1085-C18F-FC6DD2F95CE0}"
EndProject
Project("{FAE04EC0-301F-11D3-BF4B-00C04F79EFBC}") = "Meta.Voice.Samples.LiveUnderstanding", "Meta.Voice.Samples.LiveUnderstanding.csproj", "{9346C935-6450-7993-A2AE-20A3AEEE1EAF}"
EndProject
Project("{FAE04EC0-301F-11D3-BF4B-00C04F79EFBC}") = "VoiceSDK.Dictation.Editor", "VoiceSDK.Dictation.Editor.csproj", "{70D07C87-D37F-0E86-B023-F7AD773C92F8}"
EndProject
Project("{FAE04EC0-301F-11D3-BF4B-00C04F79EFBC}") = "AssistantCoreSDKEditor", "AssistantCoreSDKEditor.csproj", "{559B4FAB-2325-F4D1-8A54-10C60E69A19B}"
EndProject
Project("{FAE04EC0-301F-11D3-BF4B-00C04F79EFBC}") = "Meta.VoiceSDK.Mic.WebGL", "Meta.VoiceSDK.Mic.WebGL.csproj", "{2724133B-FC92-C7CC-5609-D946DDDCB615}"
EndProject
Project("{FAE04EC0-301F-11D3-BF4B-00C04F79EFBC}") = "Meta.Voice.Hub.Runtime", "Meta.Voice.Hub.Runtime.csproj", "{AB890934-FCC9-C017-B708-879267984FFA}"
EndProject
Project("{FAE04EC0-301F-11D3-BF4B-00C04F79EFBC}") = "Meta.Voice.Samples.Chess", "Meta.Voice.Samples.Chess.csproj", "{F9B17086-E0AE-A602-85A5-D72BAF626796}"
EndProject
Project("{FAE04EC0-301F-11D3-BF4B-00C04F79EFBC}") = "Meta.Voice.Samples.Dictation", "Meta.Voice.Samples.Dictation.csproj", "{52E36E00-79DA-37BF-F44C-22440BE7F631}"
EndProject
Project("{FAE04EC0-301F-11D3-BF4B-00C04F79EFBC}") = "Meta.Voice.Samples.Shapes", "Meta.Voice.Samples.Shapes.csproj", "{04BD16BD-3496-61A8-BBC8-EE8796CAC8E4}"
EndProject
Project("{FAE04EC0-301F-11D3-BF4B-00C04F79EFBC}") = "Facebook.Wit.Dictation.Editor", "Facebook.Wit.Dictation.Editor.csproj", "{E08018D2-28F6-88ED-49CE-A1DAC9FD68A9}"
EndProject
Global
	GlobalSection(SolutionConfigurationPlatforms) = preSolution
		Debug|Any CPU = Debug|Any CPU
		Release|Any CPU = Release|Any CPU
	EndGlobalSection
	GlobalSection(ProjectConfigurationPlatforms) = postSolution
		{04B36B42-9951-D7E0-DBBA-5125752155A5}.Debug|Any CPU.ActiveCfg = Debug|Any CPU
		{04B36B42-9951-D7E0-DBBA-5125752155A5}.Debug|Any CPU.Build.0 = Debug|Any CPU
		{04B36B42-9951-D7E0-DBBA-5125752155A5}.Release|Any CPU.ActiveCfg = Release|Any CPU
		{04B36B42-9951-D7E0-DBBA-5125752155A5}.Release|Any CPU.Build.0 = Release|Any CPU
		{6587639F-B983-130A-9687-65639AEBDC55}.Debug|Any CPU.ActiveCfg = Debug|Any CPU
		{6587639F-B983-130A-9687-65639AEBDC55}.Debug|Any CPU.Build.0 = Debug|Any CPU
		{6587639F-B983-130A-9687-65639AEBDC55}.Release|Any CPU.ActiveCfg = Release|Any CPU
		{6587639F-B983-130A-9687-65639AEBDC55}.Release|Any CPU.Build.0 = Release|Any CPU
		{ED633183-6DB8-B8DC-80F0-BA3D91A5B968}.Debug|Any CPU.ActiveCfg = Debug|Any CPU
		{ED633183-6DB8-B8DC-80F0-BA3D91A5B968}.Debug|Any CPU.Build.0 = Debug|Any CPU
		{ED633183-6DB8-B8DC-80F0-BA3D91A5B968}.Release|Any CPU.ActiveCfg = Release|Any CPU
		{ED633183-6DB8-B8DC-80F0-BA3D91A5B968}.Release|Any CPU.Build.0 = Release|Any CPU
		{48138CA0-E006-9081-1DC3-F515C5556180}.Debug|Any CPU.ActiveCfg = Debug|Any CPU
		{48138CA0-E006-9081-1DC3-F515C5556180}.Debug|Any CPU.Build.0 = Debug|Any CPU
		{48138CA0-E006-9081-1DC3-F515C5556180}.Release|Any CPU.ActiveCfg = Release|Any CPU
		{48138CA0-E006-9081-1DC3-F515C5556180}.Release|Any CPU.Build.0 = Release|Any CPU
		{418F54A2-486A-F73F-8031-7A01B1ECCAAF}.Debug|Any CPU.ActiveCfg = Debug|Any CPU
		{418F54A2-486A-F73F-8031-7A01B1ECCAAF}.Debug|Any CPU.Build.0 = Debug|Any CPU
		{418F54A2-486A-F73F-8031-7A01B1ECCAAF}.Release|Any CPU.ActiveCfg = Release|Any CPU
		{418F54A2-486A-F73F-8031-7A01B1ECCAAF}.Release|Any CPU.Build.0 = Release|Any CPU
		{772C9E22-BAA8-7E07-7B72-A0B845883090}.Debug|Any CPU.ActiveCfg = Debug|Any CPU
		{772C9E22-BAA8-7E07-7B72-A0B845883090}.Debug|Any CPU.Build.0 = Debug|Any CPU
		{772C9E22-BAA8-7E07-7B72-A0B845883090}.Release|Any CPU.ActiveCfg = Release|Any CPU
		{772C9E22-BAA8-7E07-7B72-A0B845883090}.Release|Any CPU.Build.0 = Release|Any CPU
		{EBC17584-CB42-BF0C-A8D0-8D3062985CFC}.Debug|Any CPU.ActiveCfg = Debug|Any CPU
		{EBC17584-CB42-BF0C-A8D0-8D3062985CFC}.Debug|Any CPU.Build.0 = Debug|Any CPU
		{EBC17584-CB42-BF0C-A8D0-8D3062985CFC}.Release|Any CPU.ActiveCfg = Release|Any CPU
		{EBC17584-CB42-BF0C-A8D0-8D3062985CFC}.Release|Any CPU.Build.0 = Release|Any CPU
		{78C84F48-D97E-BE46-13A1-EACE745D858A}.Debug|Any CPU.ActiveCfg = Debug|Any CPU
		{78C84F48-D97E-BE46-13A1-EACE745D858A}.Debug|Any CPU.Build.0 = Debug|Any CPU
		{78C84F48-D97E-BE46-13A1-EACE745D858A}.Release|Any CPU.ActiveCfg = Release|Any CPU
		{78C84F48-D97E-BE46-13A1-EACE745D858A}.Release|Any CPU.Build.0 = Release|Any CPU
		{AC587ACE-1CAE-97CA-0347-D77D2F30E3D8}.Debug|Any CPU.ActiveCfg = Debug|Any CPU
		{AC587ACE-1CAE-97CA-0347-D77D2F30E3D8}.Debug|Any CPU.Build.0 = Debug|Any CPU
		{AC587ACE-1CAE-97CA-0347-D77D2F30E3D8}.Release|Any CPU.ActiveCfg = Release|Any CPU
		{AC587ACE-1CAE-97CA-0347-D77D2F30E3D8}.Release|Any CPU.Build.0 = Release|Any CPU
		{95F74F37-F8E7-8896-DCCB-A9F938BD6CF3}.Debug|Any CPU.ActiveCfg = Debug|Any CPU
		{95F74F37-F8E7-8896-DCCB-A9F938BD6CF3}.Debug|Any CPU.Build.0 = Debug|Any CPU
		{95F74F37-F8E7-8896-DCCB-A9F938BD6CF3}.Release|Any CPU.ActiveCfg = Release|Any CPU
		{95F74F37-F8E7-8896-DCCB-A9F938BD6CF3}.Release|Any CPU.Build.0 = Release|Any CPU
		{40305F6E-4DC6-F653-95D2-6D0596B463DC}.Debug|Any CPU.ActiveCfg = Debug|Any CPU
		{40305F6E-4DC6-F653-95D2-6D0596B463DC}.Debug|Any CPU.Build.0 = Debug|Any CPU
		{40305F6E-4DC6-F653-95D2-6D0596B463DC}.Release|Any CPU.ActiveCfg = Release|Any CPU
		{40305F6E-4DC6-F653-95D2-6D0596B463DC}.Release|Any CPU.Build.0 = Release|Any CPU
		{EDAA855E-5F19-7262-386A-677AEC6AC306}.Debug|Any CPU.ActiveCfg = Debug|Any CPU
		{EDAA855E-5F19-7262-386A-677AEC6AC306}.Debug|Any CPU.Build.0 = Debug|Any CPU
		{EDAA855E-5F19-7262-386A-677AEC6AC306}.Release|Any CPU.ActiveCfg = Release|Any CPU
		{EDAA855E-5F19-7262-386A-677AEC6AC306}.Release|Any CPU.Build.0 = Release|Any CPU
		{128DD7B1-F032-E377-6AFA-0E3893896045}.Debug|Any CPU.ActiveCfg = Debug|Any CPU
		{128DD7B1-F032-E377-6AFA-0E3893896045}.Debug|Any CPU.Build.0 = Debug|Any CPU
		{128DD7B1-F032-E377-6AFA-0E3893896045}.Release|Any CPU.ActiveCfg = Release|Any CPU
		{128DD7B1-F032-E377-6AFA-0E3893896045}.Release|Any CPU.Build.0 = Release|Any CPU
		{8589BD01-6EF5-C5D6-7DE0-A096F47A4554}.Debug|Any CPU.ActiveCfg = Debug|Any CPU
		{8589BD01-6EF5-C5D6-7DE0-A096F47A4554}.Debug|Any CPU.Build.0 = Debug|Any CPU
		{8589BD01-6EF5-C5D6-7DE0-A096F47A4554}.Release|Any CPU.ActiveCfg = Release|Any CPU
		{8589BD01-6EF5-C5D6-7DE0-A096F47A4554}.Release|Any CPU.Build.0 = Release|Any CPU
		{E580FDD1-186E-EB04-F1CC-5A63448610B6}.Debug|Any CPU.ActiveCfg = Debug|Any CPU
		{E580FDD1-186E-EB04-F1CC-5A63448610B6}.Debug|Any CPU.Build.0 = Debug|Any CPU
		{E580FDD1-186E-EB04-F1CC-5A63448610B6}.Release|Any CPU.ActiveCfg = Release|Any CPU
		{E580FDD1-186E-EB04-F1CC-5A63448610B6}.Release|Any CPU.Build.0 = Release|Any CPU
		{6DBD63CE-88DB-450E-C983-3651541115DC}.Debug|Any CPU.ActiveCfg = Debug|Any CPU
		{6DBD63CE-88DB-450E-C983-3651541115DC}.Debug|Any CPU.Build.0 = Debug|Any CPU
		{6DBD63CE-88DB-450E-C983-3651541115DC}.Release|Any CPU.ActiveCfg = Release|Any CPU
		{6DBD63CE-88DB-450E-C983-3651541115DC}.Release|Any CPU.Build.0 = Release|Any CPU
		{0850ECB7-6D6C-E07D-EF85-BE949E1D8AB6}.Debug|Any CPU.ActiveCfg = Debug|Any CPU
		{0850ECB7-6D6C-E07D-EF85-BE949E1D8AB6}.Debug|Any CPU.Build.0 = Debug|Any CPU
		{0850ECB7-6D6C-E07D-EF85-BE949E1D8AB6}.Release|Any CPU.ActiveCfg = Release|Any CPU
		{0850ECB7-6D6C-E07D-EF85-BE949E1D8AB6}.Release|Any CPU.Build.0 = Release|Any CPU
		{D3AE13ED-7F0E-912E-B886-52D818A57AD3}.Debug|Any CPU.ActiveCfg = Debug|Any CPU
		{D3AE13ED-7F0E-912E-B886-52D818A57AD3}.Debug|Any CPU.Build.0 = Debug|Any CPU
		{D3AE13ED-7F0E-912E-B886-52D818A57AD3}.Release|Any CPU.ActiveCfg = Release|Any CPU
		{D3AE13ED-7F0E-912E-B886-52D818A57AD3}.Release|Any CPU.Build.0 = Release|Any CPU
		{16B34AA0-3561-C5F1-03AE-8EFF0A02FE30}.Debug|Any CPU.ActiveCfg = Debug|Any CPU
		{16B34AA0-3561-C5F1-03AE-8EFF0A02FE30}.Debug|Any CPU.Build.0 = Debug|Any CPU
		{16B34AA0-3561-C5F1-03AE-8EFF0A02FE30}.Release|Any CPU.ActiveCfg = Release|Any CPU
		{16B34AA0-3561-C5F1-03AE-8EFF0A02FE30}.Release|Any CPU.Build.0 = Release|Any CPU
		{94D42280-35D2-C214-32AF-BBAD4B6E3130}.Debug|Any CPU.ActiveCfg = Debug|Any CPU
		{94D42280-35D2-C214-32AF-BBAD4B6E3130}.Debug|Any CPU.Build.0 = Debug|Any CPU
		{94D42280-35D2-C214-32AF-BBAD4B6E3130}.Release|Any CPU.ActiveCfg = Release|Any CPU
		{94D42280-35D2-C214-32AF-BBAD4B6E3130}.Release|Any CPU.Build.0 = Release|Any CPU
		{5750D217-452B-B04A-D79D-FC5001E17131}.Debug|Any CPU.ActiveCfg = Debug|Any CPU
		{5750D217-452B-B04A-D79D-FC5001E17131}.Debug|Any CPU.Build.0 = Debug|Any CPU
		{5750D217-452B-B04A-D79D-FC5001E17131}.Release|Any CPU.ActiveCfg = Release|Any CPU
		{5750D217-452B-B04A-D79D-FC5001E17131}.Release|Any CPU.Build.0 = Release|Any CPU
		{BAC86709-4A93-75C1-5A29-A41490DD6759}.Debug|Any CPU.ActiveCfg = Debug|Any CPU
		{BAC86709-4A93-75C1-5A29-A41490DD6759}.Debug|Any CPU.Build.0 = Debug|Any CPU
		{BAC86709-4A93-75C1-5A29-A41490DD6759}.Release|Any CPU.ActiveCfg = Release|Any CPU
		{BAC86709-4A93-75C1-5A29-A41490DD6759}.Release|Any CPU.Build.0 = Release|Any CPU
		{F96C7EA0-CA04-00F2-7E0F-FCF605E6DE89}.Debug|Any CPU.ActiveCfg = Debug|Any CPU
		{F96C7EA0-CA04-00F2-7E0F-FCF605E6DE89}.Debug|Any CPU.Build.0 = Debug|Any CPU
		{F96C7EA0-CA04-00F2-7E0F-FCF605E6DE89}.Release|Any CPU.ActiveCfg = Release|Any CPU
		{F96C7EA0-CA04-00F2-7E0F-FCF605E6DE89}.Release|Any CPU.Build.0 = Release|Any CPU
		{F45F1D73-E78C-8C8C-296D-66B6FC8EB6F0}.Debug|Any CPU.ActiveCfg = Debug|Any CPU
		{F45F1D73-E78C-8C8C-296D-66B6FC8EB6F0}.Debug|Any CPU.Build.0 = Debug|Any CPU
		{F45F1D73-E78C-8C8C-296D-66B6FC8EB6F0}.Release|Any CPU.ActiveCfg = Release|Any CPU
		{F45F1D73-E78C-8C8C-296D-66B6FC8EB6F0}.Release|Any CPU.Build.0 = Release|Any CPU
		{DC7607D5-1CEA-7B85-A756-888C807E42A8}.Debug|Any CPU.ActiveCfg = Debug|Any CPU
		{DC7607D5-1CEA-7B85-A756-888C807E42A8}.Debug|Any CPU.Build.0 = Debug|Any CPU
		{DC7607D5-1CEA-7B85-A756-888C807E42A8}.Release|Any CPU.ActiveCfg = Release|Any CPU
		{DC7607D5-1CEA-7B85-A756-888C807E42A8}.Release|Any CPU.Build.0 = Release|Any CPU
		{C02D9C0E-8BC8-FA34-7DF2-E5684D8B4FC7}.Debug|Any CPU.ActiveCfg = Debug|Any CPU
		{C02D9C0E-8BC8-FA34-7DF2-E5684D8B4FC7}.Debug|Any CPU.Build.0 = Debug|Any CPU
		{C02D9C0E-8BC8-FA34-7DF2-E5684D8B4FC7}.Release|Any CPU.ActiveCfg = Release|Any CPU
		{C02D9C0E-8BC8-FA34-7DF2-E5684D8B4FC7}.Release|Any CPU.Build.0 = Release|Any CPU
		{928C48C8-C1B9-4C36-A5B5-D4E5159DC7CB}.Debug|Any CPU.ActiveCfg = Debug|Any CPU
		{928C48C8-C1B9-4C36-A5B5-D4E5159DC7CB}.Debug|Any CPU.Build.0 = Debug|Any CPU
		{928C48C8-C1B9-4C36-A5B5-D4E5159DC7CB}.Release|Any CPU.ActiveCfg = Release|Any CPU
		{928C48C8-C1B9-4C36-A5B5-D4E5159DC7CB}.Release|Any CPU.Build.0 = Release|Any CPU
		{D8FAC3F9-FECF-F4A4-3132-B0B7B6EC4E57}.Debug|Any CPU.ActiveCfg = Debug|Any CPU
		{D8FAC3F9-FECF-F4A4-3132-B0B7B6EC4E57}.Debug|Any CPU.Build.0 = Debug|Any CPU
		{D8FAC3F9-FECF-F4A4-3132-B0B7B6EC4E57}.Release|Any CPU.ActiveCfg = Release|Any CPU
		{D8FAC3F9-FECF-F4A4-3132-B0B7B6EC4E57}.Release|Any CPU.Build.0 = Release|Any CPU
		{FD799172-53E9-A1D0-C170-AD3C1FB20EC9}.Debug|Any CPU.ActiveCfg = Debug|Any CPU
		{FD799172-53E9-A1D0-C170-AD3C1FB20EC9}.Debug|Any CPU.Build.0 = Debug|Any CPU
		{FD799172-53E9-A1D0-C170-AD3C1FB20EC9}.Release|Any CPU.ActiveCfg = Release|Any CPU
		{FD799172-53E9-A1D0-C170-AD3C1FB20EC9}.Release|Any CPU.Build.0 = Release|Any CPU
		{6ED13C39-74F3-0A77-5BCB-F6C38BEF18E0}.Debug|Any CPU.ActiveCfg = Debug|Any CPU
		{6ED13C39-74F3-0A77-5BCB-F6C38BEF18E0}.Debug|Any CPU.Build.0 = Debug|Any CPU
		{6ED13C39-74F3-0A77-5BCB-F6C38BEF18E0}.Release|Any CPU.ActiveCfg = Release|Any CPU
		{6ED13C39-74F3-0A77-5BCB-F6C38BEF18E0}.Release|Any CPU.Build.0 = Release|Any CPU
		{9BEAE2E0-AFF7-146B-03EC-82639051AAE5}.Debug|Any CPU.ActiveCfg = Debug|Any CPU
		{9BEAE2E0-AFF7-146B-03EC-82639051AAE5}.Debug|Any CPU.Build.0 = Debug|Any CPU
		{9BEAE2E0-AFF7-146B-03EC-82639051AAE5}.Release|Any CPU.ActiveCfg = Release|Any CPU
		{9BEAE2E0-AFF7-146B-03EC-82639051AAE5}.Release|Any CPU.Build.0 = Release|Any CPU
		{F03E02B4-BDB3-F12D-3758-7AC9141D8137}.Debug|Any CPU.ActiveCfg = Debug|Any CPU
		{F03E02B4-BDB3-F12D-3758-7AC9141D8137}.Debug|Any CPU.Build.0 = Debug|Any CPU
		{F03E02B4-BDB3-F12D-3758-7AC9141D8137}.Release|Any CPU.ActiveCfg = Release|Any CPU
		{F03E02B4-BDB3-F12D-3758-7AC9141D8137}.Release|Any CPU.Build.0 = Release|Any CPU
		{2790BA0D-E7CB-E084-81FB-9FE813F76727}.Debug|Any CPU.ActiveCfg = Debug|Any CPU
		{2790BA0D-E7CB-E084-81FB-9FE813F76727}.Debug|Any CPU.Build.0 = Debug|Any CPU
		{2790BA0D-E7CB-E084-81FB-9FE813F76727}.Release|Any CPU.ActiveCfg = Release|Any CPU
		{2790BA0D-E7CB-E084-81FB-9FE813F76727}.Release|Any CPU.Build.0 = Release|Any CPU
		{A4390850-F4BA-0F89-8BA0-78D4B7B44687}.Debug|Any CPU.ActiveCfg = Debug|Any CPU
		{A4390850-F4BA-0F89-8BA0-78D4B7B44687}.Debug|Any CPU.Build.0 = Debug|Any CPU
		{A4390850-F4BA-0F89-8BA0-78D4B7B44687}.Release|Any CPU.ActiveCfg = Release|Any CPU
		{A4390850-F4BA-0F89-8BA0-78D4B7B44687}.Release|Any CPU.Build.0 = Release|Any CPU
		{B3B5F509-016F-E976-2AF8-04E0BF6E5E7B}.Debug|Any CPU.ActiveCfg = Debug|Any CPU
		{B3B5F509-016F-E976-2AF8-04E0BF6E5E7B}.Debug|Any CPU.Build.0 = Debug|Any CPU
		{B3B5F509-016F-E976-2AF8-04E0BF6E5E7B}.Release|Any CPU.ActiveCfg = Release|Any CPU
		{B3B5F509-016F-E976-2AF8-04E0BF6E5E7B}.Release|Any CPU.Build.0 = Release|Any CPU
		{C14753BB-2A1C-1085-C18F-FC6DD2F95CE0}.Debug|Any CPU.ActiveCfg = Debug|Any CPU
		{C14753BB-2A1C-1085-C18F-FC6DD2F95CE0}.Debug|Any CPU.Build.0 = Debug|Any CPU
		{C14753BB-2A1C-1085-C18F-FC6DD2F95CE0}.Release|Any CPU.ActiveCfg = Release|Any CPU
		{C14753BB-2A1C-1085-C18F-FC6DD2F95CE0}.Release|Any CPU.Build.0 = Release|Any CPU
		{9346C935-6450-7993-A2AE-20A3AEEE1EAF}.Debug|Any CPU.ActiveCfg = Debug|Any CPU
		{9346C935-6450-7993-A2AE-20A3AEEE1EAF}.Debug|Any CPU.Build.0 = Debug|Any CPU
		{9346C935-6450-7993-A2AE-20A3AEEE1EAF}.Release|Any CPU.ActiveCfg = Release|Any CPU
		{9346C935-6450-7993-A2AE-20A3AEEE1EAF}.Release|Any CPU.Build.0 = Release|Any CPU
		{70D07C87-D37F-0E86-B023-F7AD773C92F8}.Debug|Any CPU.ActiveCfg = Debug|Any CPU
		{70D07C87-D37F-0E86-B023-F7AD773C92F8}.Debug|Any CPU.Build.0 = Debug|Any CPU
		{70D07C87-D37F-0E86-B023-F7AD773C92F8}.Release|Any CPU.ActiveCfg = Release|Any CPU
		{70D07C87-D37F-0E86-B023-F7AD773C92F8}.Release|Any CPU.Build.0 = Release|Any CPU
		{559B4FAB-2325-F4D1-8A54-10C60E69A19B}.Debug|Any CPU.ActiveCfg = Debug|Any CPU
		{559B4FAB-2325-F4D1-8A54-10C60E69A19B}.Debug|Any CPU.Build.0 = Debug|Any CPU
		{559B4FAB-2325-F4D1-8A54-10C60E69A19B}.Release|Any CPU.ActiveCfg = Release|Any CPU
		{559B4FAB-2325-F4D1-8A54-10C60E69A19B}.Release|Any CPU.Build.0 = Release|Any CPU
		{2724133B-FC92-C7CC-5609-D946DDDCB615}.Debug|Any CPU.ActiveCfg = Debug|Any CPU
		{2724133B-FC92-C7CC-5609-D946DDDCB615}.Debug|Any CPU.Build.0 = Debug|Any CPU
		{2724133B-FC92-C7CC-5609-D946DDDCB615}.Release|Any CPU.ActiveCfg = Release|Any CPU
		{2724133B-FC92-C7CC-5609-D946DDDCB615}.Release|Any CPU.Build.0 = Release|Any CPU
		{AB890934-FCC9-C017-B708-879267984FFA}.Debug|Any CPU.ActiveCfg = Debug|Any CPU
		{AB890934-FCC9-C017-B708-879267984FFA}.Debug|Any CPU.Build.0 = Debug|Any CPU
		{AB890934-FCC9-C017-B708-879267984FFA}.Release|Any CPU.ActiveCfg = Release|Any CPU
		{AB890934-FCC9-C017-B708-879267984FFA}.Release|Any CPU.Build.0 = Release|Any CPU
		{F9B17086-E0AE-A602-85A5-D72BAF626796}.Debug|Any CPU.ActiveCfg = Debug|Any CPU
		{F9B17086-E0AE-A602-85A5-D72BAF626796}.Debug|Any CPU.Build.0 = Debug|Any CPU
		{F9B17086-E0AE-A602-85A5-D72BAF626796}.Release|Any CPU.ActiveCfg = Release|Any CPU
		{F9B17086-E0AE-A602-85A5-D72BAF626796}.Release|Any CPU.Build.0 = Release|Any CPU
		{52E36E00-79DA-37BF-F44C-22440BE7F631}.Debug|Any CPU.ActiveCfg = Debug|Any CPU
		{52E36E00-79DA-37BF-F44C-22440BE7F631}.Debug|Any CPU.Build.0 = Debug|Any CPU
		{52E36E00-79DA-37BF-F44C-22440BE7F631}.Release|Any CPU.ActiveCfg = Release|Any CPU
		{52E36E00-79DA-37BF-F44C-22440BE7F631}.Release|Any CPU.Build.0 = Release|Any CPU
		{04BD16BD-3496-61A8-BBC8-EE8796CAC8E4}.Debug|Any CPU.ActiveCfg = Debug|Any CPU
		{04BD16BD-3496-61A8-BBC8-EE8796CAC8E4}.Debug|Any CPU.Build.0 = Debug|Any CPU
		{04BD16BD-3496-61A8-BBC8-EE8796CAC8E4}.Release|Any CPU.ActiveCfg = Release|Any CPU
		{04BD16BD-3496-61A8-BBC8-EE8796CAC8E4}.Release|Any CPU.Build.0 = Release|Any CPU
		{E08018D2-28F6-88ED-49CE-A1DAC9FD68A9}.Debug|Any CPU.ActiveCfg = Debug|Any CPU
		{E08018D2-28F6-88ED-49CE-A1DAC9FD68A9}.Debug|Any CPU.Build.0 = Debug|Any CPU
		{E08018D2-28F6-88ED-49CE-A1DAC9FD68A9}.Release|Any CPU.ActiveCfg = Release|Any CPU
		{E08018D2-28F6-88ED-49CE-A1DAC9FD68A9}.Release|Any CPU.Build.0 = Release|Any CPU
	EndGlobalSection
	GlobalSection(SolutionProperties) = preSolution
		HideSolutionNode = FALSE
	EndGlobalSection
EndGlobal
