
Microsoft Visual Studio Solution File, Format Version 12.00
# Visual Studio 15
Project("{FAE04EC0-301F-11D3-BF4B-00C04F79EFBC}") = "Meta.WitAi.TTS.Editor", "Meta.WitAi.TTS.Editor.csproj", "{0147CB7A-8757-97A5-E82F-27753AA6C327}"
EndProject
Project("{FAE04EC0-301F-11D3-BF4B-00C04F79EFBC}") = "Meta.WitAi.Conduit", "Meta.WitAi.Conduit.csproj", "{4CA8387F-0EA7-28F2-32F9-F1845232AAD1}"
EndProject
Project("{FAE04EC0-301F-11D3-BF4B-00C04F79EFBC}") = "Oculus.Platform", "Oculus.Platform.csproj", "{ECF347DC-B65F-1C62-2FA7-C6792F4A3A6B}"
EndProject
Project("{FAE04EC0-301F-11D3-BF4B-00C04F79EFBC}") = "VoiceSDK.Telemetry", "VoiceSDK.Telemetry.csproj", "{C3CD3454-936B-CF5B-FAC5-5C7AD6CDFFE8}"
EndProject
Project("{FAE04EC0-301F-11D3-BF4B-00C04F79EFBC}") = "Assembly-CSharp", "Assembly-CSharp.csproj", "{9D21ECF7-CFD8-5CE0-11A6-41E31CE2DABA}"
EndProject
Project("{FAE04EC0-301F-11D3-BF4B-00C04F79EFBC}") = "Assembly-CSharp-Editor", "Assembly-CSharp-Editor.csproj", "{FACB59F6-D26D-A1EC-F0B4-A2350C7823FB}"
EndProject
Project("{FAE04EC0-301F-11D3-BF4B-00C04F79EFBC}") = "Oculus.Interaction.OVR.Samples", "Oculus.Interaction.OVR.Samples.csproj", "{79332A94-C408-0E54-FC92-EA40349F1D34}"
EndProject
Project("{FAE04EC0-301F-11D3-BF4B-00C04F79EFBC}") = "Meta.WitAi.Lib", "Meta.WitAi.Lib.csproj", "{5507F2A0-E210-299C-E4BE-2D2732E165CE}"
EndProject
Project("{FAE04EC0-301F-11D3-BF4B-00C04F79EFBC}") = "Meta.WitAi.Editor", "Meta.WitAi.Editor.csproj", "{551BD6AC-A667-C9E0-0A33-F9CF5A6D8590}"
EndProject
Project("{FAE04EC0-301F-11D3-BF4B-00C04F79EFBC}") = "Meta.WitAi.Conduit.Editor", "Meta.WitAi.Conduit.Editor.csproj", "{B34F5A3B-2D91-3062-8683-4CD6AD4DBCE2}"
EndProject
Project("{FAE04EC0-301F-11D3-BF4B-00C04F79EFBC}") = "Meta.WitAi", "Meta.WitAi.csproj", "{50FA3523-C2C2-F7D6-7D20-870D58265094}"
EndProject
Project("{FAE04EC0-301F-11D3-BF4B-00C04F79EFBC}") = "Oculus.LipSync", "Oculus.LipSync.csproj", "{77DA9569-8AB2-C48C-80DA-42E7A482BF2C}"
EndProject
Project("{FAE04EC0-301F-11D3-BF4B-00C04F79EFBC}") = "VoiceSDK.Editor", "VoiceSDK.Editor.csproj", "{781D3323-E2CC-FE48-26CB-BCE8D0321429}"
EndProject
Project("{FAE04EC0-301F-11D3-BF4B-00C04F79EFBC}") = "Meta.WitAI.Lib.Editor", "Meta.WitAI.Lib.Editor.csproj", "{5C7F5416-315E-DF3A-A681-B3D286E5E322}"
EndProject
Project("{FAE04EC0-301F-11D3-BF4B-00C04F79EFBC}") = "Meta.WitAi.TTS", "Meta.WitAi.TTS.csproj", "{AB9536CC-F886-B39D-0A7A-430FBF156E84}"
EndProject
Project("{FAE04EC0-301F-11D3-BF4B-00C04F79EFBC}") = "Oculus.AudioManager", "Oculus.AudioManager.csproj", "{D94538C7-642B-B852-5CE9-A3CDBA5F4672}"
EndProject
Project("{FAE04EC0-301F-11D3-BF4B-00C04F79EFBC}") = "Meta.Voice.Samples.BuiltInTimer", "Meta.Voice.Samples.BuiltInTimer.csproj", "{8826098A-202F-C68F-58FD-CC0A4862D86D}"
EndProject
Project("{FAE04EC0-301F-11D3-BF4B-00C04F79EFBC}") = "Meta.Voice.VSDKHub.Editor", "Meta.Voice.VSDKHub.Editor.csproj", "{C68944E1-3770-D937-F9E9-7A3E9BF72CE0}"
EndProject
Project("{FAE04EC0-301F-11D3-BF4B-00C04F79EFBC}") = "VoiceSDK.Dictation.Runtime", "VoiceSDK.Dictation.Runtime.csproj", "{69981A7F-27A9-1559-FB55-3B56981B13D4}"
EndProject
Project("{FAE04EC0-301F-11D3-BF4B-00C04F79EFBC}") = "AssistantCoreSDKRuntime", "AssistantCoreSDKRuntime.csproj", "{D0AC80C4-1163-37A5-FE03-E46F0F0CAB9E}"
EndProject
Project("{FAE04EC0-301F-11D3-BF4B-00C04F79EFBC}") = "Meta.Voice.Samples.TTSVoices", "Meta.Voice.Samples.TTSVoices.csproj", "{6B95E2AF-5C30-E74A-A050-29EC6E891EDE}"
EndProject
Project("{FAE04EC0-301F-11D3-BF4B-00C04F79EFBC}") = "VoiceSDK.Runtime", "VoiceSDK.Runtime.csproj", "{515B88D1-A904-0991-394B-AB5135D0A367}"
EndProject
Project("{FAE04EC0-301F-11D3-BF4B-00C04F79EFBC}") = "Meta.WitAi.TTS.Samples", "Meta.WitAi.TTS.Samples.csproj", "{D1DD15F9-AE12-4978-60B2-B0C18B705D98}"
EndProject
Project("{FAE04EC0-301F-11D3-BF4B-00C04F79EFBC}") = "Meta.Voice.Samples.LightTraits", "Meta.Voice.Samples.LightTraits.csproj", "{E9318AF4-0917-242E-4E35-DB00C90686F7}"
EndProject
Project("{FAE04EC0-301F-11D3-BF4B-00C04F79EFBC}") = "Meta.Voice.Hub.Editor", "Meta.Voice.Hub.Editor.csproj", "{0DCFE01E-3AFD-FFF1-7CB1-B208C30DB421}"
EndProject
Project("{FAE04EC0-301F-11D3-BF4B-00C04F79EFBC}") = "Oculus.Interaction.Samples.Editor", "Oculus.Interaction.Samples.Editor.csproj", "{3207A088-C542-0EC2-A7A3-E887D0BE36D4}"
EndProject
Project("{FAE04EC0-301F-11D3-BF4B-00C04F79EFBC}") = "Oculus.Platform.Editor", "Oculus.Platform.Editor.csproj", "{86A82CE0-F262-1147-58F6-80476E425C36}"
EndProject
Project("{FAE04EC0-301F-11D3-BF4B-00C04F79EFBC}") = "Facebook.Wit.Dictation", "Facebook.Wit.Dictation.csproj", "{7A5AA11C-2EA1-63BF-601A-ADCA064E1767}"
EndProject
Project("{FAE04EC0-301F-11D3-BF4B-00C04F79EFBC}") = "Oculus.Spatializer.Editor", "Oculus.Spatializer.Editor.csproj", "{CFB5600F-3D65-43D3-9269-8329D831BE8C}"
EndProject
Project("{FAE04EC0-301F-11D3-BF4B-00C04F79EFBC}") = "Oculus.LipSync.Editor", "Oculus.LipSync.Editor.csproj", "{3833EF05-3D84-2687-4213-6E7C72E0E1AA}"
EndProject
Project("{FAE04EC0-301F-11D3-BF4B-00C04F79EFBC}") = "Oculus.AudioManager.Utils.Editor", "Oculus.AudioManager.Utils.Editor.csproj", "{755EB573-4168-1897-E3F7-5BAEE4C0C731}"
EndProject
Project("{FAE04EC0-301F-11D3-BF4B-00C04F79EFBC}") = "Meta.VoiceSDK.Mic.Common", "Meta.VoiceSDK.Mic.Common.csproj", "{758F8C0D-C059-B480-47D9-C875C9BBEB03}"
EndProject
Project("{FAE04EC0-301F-11D3-BF4B-00C04F79EFBC}") = "Meta.Voice.Samples.ShapesConduit", "Meta.Voice.Samples.ShapesConduit.csproj", "{060F6B02-6DA7-8FB3-E758-AC88FC3F55E1}"
EndProject
Project("{FAE04EC0-301F-11D3-BF4B-00C04F79EFBC}") = "Oculus.Spatializer", "Oculus.Spatializer.csproj", "{E0F4ED62-43F4-3330-2A3F-0FEA766D5187}"
EndProject
Project("{FAE04EC0-301F-11D3-BF4B-00C04F79EFBC}") = "Meta.VoiceSDK.Mic.Other", "Meta.VoiceSDK.Mic.Other.csproj", "{69746ABA-E7A2-46A0-0AF7-045CED966355}"
EndProject
Project("{FAE04EC0-301F-11D3-BF4B-00C04F79EFBC}") = "Oculus.AudioManager.Audio.Editor", "Oculus.AudioManager.Audio.Editor.csproj", "{E3A9EC0C-E1A9-BD31-A60B-5EC8CE115D72}"
EndProject
Project("{FAE04EC0-301F-11D3-BF4B-00C04F79EFBC}") = "Meta.Voice.Samples.LiveUnderstanding", "Meta.Voice.Samples.LiveUnderstanding.csproj", "{2F3B1132-2B14-9E95-A345-76833CA88354}"
EndProject
Project("{FAE04EC0-301F-11D3-BF4B-00C04F79EFBC}") = "VoiceSDK.Dictation.Editor", "VoiceSDK.Dictation.Editor.csproj", "{9E911637-D63B-C3B9-6A03-7D3A713B137D}"
EndProject
Project("{FAE04EC0-301F-11D3-BF4B-00C04F79EFBC}") = "AssistantCoreSDKEditor", "AssistantCoreSDKEditor.csproj", "{3DCE17A3-4611-8D4F-C006-83D85B76FC35}"
EndProject
Project("{FAE04EC0-301F-11D3-BF4B-00C04F79EFBC}") = "Meta.VoiceSDK.Mic.WebGL", "Meta.VoiceSDK.Mic.WebGL.csproj", "{CE9BF8CC-BFB6-B7F1-5C56-77393FF0C764}"
EndProject
Project("{FAE04EC0-301F-11D3-BF4B-00C04F79EFBC}") = "Meta.Voice.Hub.Runtime", "Meta.Voice.Hub.Runtime.csproj", "{3EC7E2AD-08B2-B447-75AB-59C2C08D93D2}"
EndProject
Project("{FAE04EC0-301F-11D3-BF4B-00C04F79EFBC}") = "Meta.Voice.Samples.Chess", "Meta.Voice.Samples.Chess.csproj", "{8EA1DB69-E238-8DE7-D3F3-F9442D7BC301}"
EndProject
Project("{FAE04EC0-301F-11D3-BF4B-00C04F79EFBC}") = "Meta.Voice.Samples.Dictation", "Meta.Voice.Samples.Dictation.csproj", "{722C6D74-A467-C76F-CBDF-3E4FB09D4AE6}"
EndProject
Project("{FAE04EC0-301F-11D3-BF4B-00C04F79EFBC}") = "Meta.Voice.Samples.Shapes", "Meta.Voice.Samples.Shapes.csproj", "{AAAFC42B-7D97-CAD1-E224-3641253F0C44}"
EndProject
Project("{FAE04EC0-301F-11D3-BF4B-00C04F79EFBC}") = "Facebook.Wit.Dictation.Editor", "Facebook.Wit.Dictation.Editor.csproj", "{95B8C8C9-9965-E2D7-10A6-30AD4667C743}"
EndProject
Global
	GlobalSection(SolutionConfigurationPlatforms) = preSolution
		Debug|Any CPU = Debug|Any CPU
		Release|Any CPU = Release|Any CPU
	EndGlobalSection
	GlobalSection(ProjectConfigurationPlatforms) = postSolution
		{0147CB7A-8757-97A5-E82F-27753AA6C327}.Debug|Any CPU.ActiveCfg = Debug|Any CPU
		{0147CB7A-8757-97A5-E82F-27753AA6C327}.Debug|Any CPU.Build.0 = Debug|Any CPU
		{0147CB7A-8757-97A5-E82F-27753AA6C327}.Release|Any CPU.ActiveCfg = Release|Any CPU
		{0147CB7A-8757-97A5-E82F-27753AA6C327}.Release|Any CPU.Build.0 = Release|Any CPU
		{4CA8387F-0EA7-28F2-32F9-F1845232AAD1}.Debug|Any CPU.ActiveCfg = Debug|Any CPU
		{4CA8387F-0EA7-28F2-32F9-F1845232AAD1}.Debug|Any CPU.Build.0 = Debug|Any CPU
		{4CA8387F-0EA7-28F2-32F9-F1845232AAD1}.Release|Any CPU.ActiveCfg = Release|Any CPU
		{4CA8387F-0EA7-28F2-32F9-F1845232AAD1}.Release|Any CPU.Build.0 = Release|Any CPU
		{ECF347DC-B65F-1C62-2FA7-C6792F4A3A6B}.Debug|Any CPU.ActiveCfg = Debug|Any CPU
		{ECF347DC-B65F-1C62-2FA7-C6792F4A3A6B}.Debug|Any CPU.Build.0 = Debug|Any CPU
		{ECF347DC-B65F-1C62-2FA7-C6792F4A3A6B}.Release|Any CPU.ActiveCfg = Release|Any CPU
		{ECF347DC-B65F-1C62-2FA7-C6792F4A3A6B}.Release|Any CPU.Build.0 = Release|Any CPU
		{C3CD3454-936B-CF5B-FAC5-5C7AD6CDFFE8}.Debug|Any CPU.ActiveCfg = Debug|Any CPU
		{C3CD3454-936B-CF5B-FAC5-5C7AD6CDFFE8}.Debug|Any CPU.Build.0 = Debug|Any CPU
		{C3CD3454-936B-CF5B-FAC5-5C7AD6CDFFE8}.Release|Any CPU.ActiveCfg = Release|Any CPU
		{C3CD3454-936B-CF5B-FAC5-5C7AD6CDFFE8}.Release|Any CPU.Build.0 = Release|Any CPU
		{9D21ECF7-CFD8-5CE0-11A6-41E31CE2DABA}.Debug|Any CPU.ActiveCfg = Debug|Any CPU
		{9D21ECF7-CFD8-5CE0-11A6-41E31CE2DABA}.Debug|Any CPU.Build.0 = Debug|Any CPU
		{9D21ECF7-CFD8-5CE0-11A6-41E31CE2DABA}.Release|Any CPU.ActiveCfg = Release|Any CPU
		{9D21ECF7-CFD8-5CE0-11A6-41E31CE2DABA}.Release|Any CPU.Build.0 = Release|Any CPU
		{FACB59F6-D26D-A1EC-F0B4-A2350C7823FB}.Debug|Any CPU.ActiveCfg = Debug|Any CPU
		{FACB59F6-D26D-A1EC-F0B4-A2350C7823FB}.Debug|Any CPU.Build.0 = Debug|Any CPU
		{FACB59F6-D26D-A1EC-F0B4-A2350C7823FB}.Release|Any CPU.ActiveCfg = Release|Any CPU
		{FACB59F6-D26D-A1EC-F0B4-A2350C7823FB}.Release|Any CPU.Build.0 = Release|Any CPU
		{79332A94-C408-0E54-FC92-EA40349F1D34}.Debug|Any CPU.ActiveCfg = Debug|Any CPU
		{79332A94-C408-0E54-FC92-EA40349F1D34}.Debug|Any CPU.Build.0 = Debug|Any CPU
		{79332A94-C408-0E54-FC92-EA40349F1D34}.Release|Any CPU.ActiveCfg = Release|Any CPU
		{79332A94-C408-0E54-FC92-EA40349F1D34}.Release|Any CPU.Build.0 = Release|Any CPU
		{5507F2A0-E210-299C-E4BE-2D2732E165CE}.Debug|Any CPU.ActiveCfg = Debug|Any CPU
		{5507F2A0-E210-299C-E4BE-2D2732E165CE}.Debug|Any CPU.Build.0 = Debug|Any CPU
		{5507F2A0-E210-299C-E4BE-2D2732E165CE}.Release|Any CPU.ActiveCfg = Release|Any CPU
		{5507F2A0-E210-299C-E4BE-2D2732E165CE}.Release|Any CPU.Build.0 = Release|Any CPU
		{551BD6AC-A667-C9E0-0A33-F9CF5A6D8590}.Debug|Any CPU.ActiveCfg = Debug|Any CPU
		{551BD6AC-A667-C9E0-0A33-F9CF5A6D8590}.Debug|Any CPU.Build.0 = Debug|Any CPU
		{551BD6AC-A667-C9E0-0A33-F9CF5A6D8590}.Release|Any CPU.ActiveCfg = Release|Any CPU
		{551BD6AC-A667-C9E0-0A33-F9CF5A6D8590}.Release|Any CPU.Build.0 = Release|Any CPU
		{B34F5A3B-2D91-3062-8683-4CD6AD4DBCE2}.Debug|Any CPU.ActiveCfg = Debug|Any CPU
		{B34F5A3B-2D91-3062-8683-4CD6AD4DBCE2}.Debug|Any CPU.Build.0 = Debug|Any CPU
		{B34F5A3B-2D91-3062-8683-4CD6AD4DBCE2}.Release|Any CPU.ActiveCfg = Release|Any CPU
		{B34F5A3B-2D91-3062-8683-4CD6AD4DBCE2}.Release|Any CPU.Build.0 = Release|Any CPU
		{50FA3523-C2C2-F7D6-7D20-870D58265094}.Debug|Any CPU.ActiveCfg = Debug|Any CPU
		{50FA3523-C2C2-F7D6-7D20-870D58265094}.Debug|Any CPU.Build.0 = Debug|Any CPU
		{50FA3523-C2C2-F7D6-7D20-870D58265094}.Release|Any CPU.ActiveCfg = Release|Any CPU
		{50FA3523-C2C2-F7D6-7D20-870D58265094}.Release|Any CPU.Build.0 = Release|Any CPU
		{77DA9569-8AB2-C48C-80DA-42E7A482BF2C}.Debug|Any CPU.ActiveCfg = Debug|Any CPU
		{77DA9569-8AB2-C48C-80DA-42E7A482BF2C}.Debug|Any CPU.Build.0 = Debug|Any CPU
		{77DA9569-8AB2-C48C-80DA-42E7A482BF2C}.Release|Any CPU.ActiveCfg = Release|Any CPU
		{77DA9569-8AB2-C48C-80DA-42E7A482BF2C}.Release|Any CPU.Build.0 = Release|Any CPU
		{781D3323-E2CC-FE48-26CB-BCE8D0321429}.Debug|Any CPU.ActiveCfg = Debug|Any CPU
		{781D3323-E2CC-FE48-26CB-BCE8D0321429}.Debug|Any CPU.Build.0 = Debug|Any CPU
		{781D3323-E2CC-FE48-26CB-BCE8D0321429}.Release|Any CPU.ActiveCfg = Release|Any CPU
		{781D3323-E2CC-FE48-26CB-BCE8D0321429}.Release|Any CPU.Build.0 = Release|Any CPU
		{5C7F5416-315E-DF3A-A681-B3D286E5E322}.Debug|Any CPU.ActiveCfg = Debug|Any CPU
		{5C7F5416-315E-DF3A-A681-B3D286E5E322}.Debug|Any CPU.Build.0 = Debug|Any CPU
		{5C7F5416-315E-DF3A-A681-B3D286E5E322}.Release|Any CPU.ActiveCfg = Release|Any CPU
		{5C7F5416-315E-DF3A-A681-B3D286E5E322}.Release|Any CPU.Build.0 = Release|Any CPU
		{AB9536CC-F886-B39D-0A7A-430FBF156E84}.Debug|Any CPU.ActiveCfg = Debug|Any CPU
		{AB9536CC-F886-B39D-0A7A-430FBF156E84}.Debug|Any CPU.Build.0 = Debug|Any CPU
		{AB9536CC-F886-B39D-0A7A-430FBF156E84}.Release|Any CPU.ActiveCfg = Release|Any CPU
		{AB9536CC-F886-B39D-0A7A-430FBF156E84}.Release|Any CPU.Build.0 = Release|Any CPU
		{D94538C7-642B-B852-5CE9-A3CDBA5F4672}.Debug|Any CPU.ActiveCfg = Debug|Any CPU
		{D94538C7-642B-B852-5CE9-A3CDBA5F4672}.Debug|Any CPU.Build.0 = Debug|Any CPU
		{D94538C7-642B-B852-5CE9-A3CDBA5F4672}.Release|Any CPU.ActiveCfg = Release|Any CPU
		{D94538C7-642B-B852-5CE9-A3CDBA5F4672}.Release|Any CPU.Build.0 = Release|Any CPU
		{8826098A-202F-C68F-58FD-CC0A4862D86D}.Debug|Any CPU.ActiveCfg = Debug|Any CPU
		{8826098A-202F-C68F-58FD-CC0A4862D86D}.Debug|Any CPU.Build.0 = Debug|Any CPU
		{8826098A-202F-C68F-58FD-CC0A4862D86D}.Release|Any CPU.ActiveCfg = Release|Any CPU
		{8826098A-202F-C68F-58FD-CC0A4862D86D}.Release|Any CPU.Build.0 = Release|Any CPU
		{C68944E1-3770-D937-F9E9-7A3E9BF72CE0}.Debug|Any CPU.ActiveCfg = Debug|Any CPU
		{C68944E1-3770-D937-F9E9-7A3E9BF72CE0}.Debug|Any CPU.Build.0 = Debug|Any CPU
		{C68944E1-3770-D937-F9E9-7A3E9BF72CE0}.Release|Any CPU.ActiveCfg = Release|Any CPU
		{C68944E1-3770-D937-F9E9-7A3E9BF72CE0}.Release|Any CPU.Build.0 = Release|Any CPU
		{69981A7F-27A9-1559-FB55-3B56981B13D4}.Debug|Any CPU.ActiveCfg = Debug|Any CPU
		{69981A7F-27A9-1559-FB55-3B56981B13D4}.Debug|Any CPU.Build.0 = Debug|Any CPU
		{69981A7F-27A9-1559-FB55-3B56981B13D4}.Release|Any CPU.ActiveCfg = Release|Any CPU
		{69981A7F-27A9-1559-FB55-3B56981B13D4}.Release|Any CPU.Build.0 = Release|Any CPU
		{D0AC80C4-1163-37A5-FE03-E46F0F0CAB9E}.Debug|Any CPU.ActiveCfg = Debug|Any CPU
		{D0AC80C4-1163-37A5-FE03-E46F0F0CAB9E}.Debug|Any CPU.Build.0 = Debug|Any CPU
		{D0AC80C4-1163-37A5-FE03-E46F0F0CAB9E}.Release|Any CPU.ActiveCfg = Release|Any CPU
		{D0AC80C4-1163-37A5-FE03-E46F0F0CAB9E}.Release|Any CPU.Build.0 = Release|Any CPU
		{6B95E2AF-5C30-E74A-A050-29EC6E891EDE}.Debug|Any CPU.ActiveCfg = Debug|Any CPU
		{6B95E2AF-5C30-E74A-A050-29EC6E891EDE}.Debug|Any CPU.Build.0 = Debug|Any CPU
		{6B95E2AF-5C30-E74A-A050-29EC6E891EDE}.Release|Any CPU.ActiveCfg = Release|Any CPU
		{6B95E2AF-5C30-E74A-A050-29EC6E891EDE}.Release|Any CPU.Build.0 = Release|Any CPU
		{515B88D1-A904-0991-394B-AB5135D0A367}.Debug|Any CPU.ActiveCfg = Debug|Any CPU
		{515B88D1-A904-0991-394B-AB5135D0A367}.Debug|Any CPU.Build.0 = Debug|Any CPU
		{515B88D1-A904-0991-394B-AB5135D0A367}.Release|Any CPU.ActiveCfg = Release|Any CPU
		{515B88D1-A904-0991-394B-AB5135D0A367}.Release|Any CPU.Build.0 = Release|Any CPU
		{D1DD15F9-AE12-4978-60B2-B0C18B705D98}.Debug|Any CPU.ActiveCfg = Debug|Any CPU
		{D1DD15F9-AE12-4978-60B2-B0C18B705D98}.Debug|Any CPU.Build.0 = Debug|Any CPU
		{D1DD15F9-AE12-4978-60B2-B0C18B705D98}.Release|Any CPU.ActiveCfg = Release|Any CPU
		{D1DD15F9-AE12-4978-60B2-B0C18B705D98}.Release|Any CPU.Build.0 = Release|Any CPU
		{E9318AF4-0917-242E-4E35-DB00C90686F7}.Debug|Any CPU.ActiveCfg = Debug|Any CPU
		{E9318AF4-0917-242E-4E35-DB00C90686F7}.Debug|Any CPU.Build.0 = Debug|Any CPU
		{E9318AF4-0917-242E-4E35-DB00C90686F7}.Release|Any CPU.ActiveCfg = Release|Any CPU
		{E9318AF4-0917-242E-4E35-DB00C90686F7}.Release|Any CPU.Build.0 = Release|Any CPU
		{0DCFE01E-3AFD-FFF1-7CB1-B208C30DB421}.Debug|Any CPU.ActiveCfg = Debug|Any CPU
		{0DCFE01E-3AFD-FFF1-7CB1-B208C30DB421}.Debug|Any CPU.Build.0 = Debug|Any CPU
		{0DCFE01E-3AFD-FFF1-7CB1-B208C30DB421}.Release|Any CPU.ActiveCfg = Release|Any CPU
		{0DCFE01E-3AFD-FFF1-7CB1-B208C30DB421}.Release|Any CPU.Build.0 = Release|Any CPU
		{3207A088-C542-0EC2-A7A3-E887D0BE36D4}.Debug|Any CPU.ActiveCfg = Debug|Any CPU
		{3207A088-C542-0EC2-A7A3-E887D0BE36D4}.Debug|Any CPU.Build.0 = Debug|Any CPU
		{3207A088-C542-0EC2-A7A3-E887D0BE36D4}.Release|Any CPU.ActiveCfg = Release|Any CPU
		{3207A088-C542-0EC2-A7A3-E887D0BE36D4}.Release|Any CPU.Build.0 = Release|Any CPU
		{86A82CE0-F262-1147-58F6-80476E425C36}.Debug|Any CPU.ActiveCfg = Debug|Any CPU
		{86A82CE0-F262-1147-58F6-80476E425C36}.Debug|Any CPU.Build.0 = Debug|Any CPU
		{86A82CE0-F262-1147-58F6-80476E425C36}.Release|Any CPU.ActiveCfg = Release|Any CPU
		{86A82CE0-F262-1147-58F6-80476E425C36}.Release|Any CPU.Build.0 = Release|Any CPU
		{7A5AA11C-2EA1-63BF-601A-ADCA064E1767}.Debug|Any CPU.ActiveCfg = Debug|Any CPU
		{7A5AA11C-2EA1-63BF-601A-ADCA064E1767}.Debug|Any CPU.Build.0 = Debug|Any CPU
		{7A5AA11C-2EA1-63BF-601A-ADCA064E1767}.Release|Any CPU.ActiveCfg = Release|Any CPU
		{7A5AA11C-2EA1-63BF-601A-ADCA064E1767}.Release|Any CPU.Build.0 = Release|Any CPU
		{CFB5600F-3D65-43D3-9269-8329D831BE8C}.Debug|Any CPU.ActiveCfg = Debug|Any CPU
		{CFB5600F-3D65-43D3-9269-8329D831BE8C}.Debug|Any CPU.Build.0 = Debug|Any CPU
		{CFB5600F-3D65-43D3-9269-8329D831BE8C}.Release|Any CPU.ActiveCfg = Release|Any CPU
		{CFB5600F-3D65-43D3-9269-8329D831BE8C}.Release|Any CPU.Build.0 = Release|Any CPU
		{3833EF05-3D84-2687-4213-6E7C72E0E1AA}.Debug|Any CPU.ActiveCfg = Debug|Any CPU
		{3833EF05-3D84-2687-4213-6E7C72E0E1AA}.Debug|Any CPU.Build.0 = Debug|Any CPU
		{3833EF05-3D84-2687-4213-6E7C72E0E1AA}.Release|Any CPU.ActiveCfg = Release|Any CPU
		{3833EF05-3D84-2687-4213-6E7C72E0E1AA}.Release|Any CPU.Build.0 = Release|Any CPU
		{755EB573-4168-1897-E3F7-5BAEE4C0C731}.Debug|Any CPU.ActiveCfg = Debug|Any CPU
		{755EB573-4168-1897-E3F7-5BAEE4C0C731}.Debug|Any CPU.Build.0 = Debug|Any CPU
		{755EB573-4168-1897-E3F7-5BAEE4C0C731}.Release|Any CPU.ActiveCfg = Release|Any CPU
		{755EB573-4168-1897-E3F7-5BAEE4C0C731}.Release|Any CPU.Build.0 = Release|Any CPU
		{758F8C0D-C059-B480-47D9-C875C9BBEB03}.Debug|Any CPU.ActiveCfg = Debug|Any CPU
		{758F8C0D-C059-B480-47D9-C875C9BBEB03}.Debug|Any CPU.Build.0 = Debug|Any CPU
		{758F8C0D-C059-B480-47D9-C875C9BBEB03}.Release|Any CPU.ActiveCfg = Release|Any CPU
		{758F8C0D-C059-B480-47D9-C875C9BBEB03}.Release|Any CPU.Build.0 = Release|Any CPU
		{060F6B02-6DA7-8FB3-E758-AC88FC3F55E1}.Debug|Any CPU.ActiveCfg = Debug|Any CPU
		{060F6B02-6DA7-8FB3-E758-AC88FC3F55E1}.Debug|Any CPU.Build.0 = Debug|Any CPU
		{060F6B02-6DA7-8FB3-E758-AC88FC3F55E1}.Release|Any CPU.ActiveCfg = Release|Any CPU
		{060F6B02-6DA7-8FB3-E758-AC88FC3F55E1}.Release|Any CPU.Build.0 = Release|Any CPU
		{E0F4ED62-43F4-3330-2A3F-0FEA766D5187}.Debug|Any CPU.ActiveCfg = Debug|Any CPU
		{E0F4ED62-43F4-3330-2A3F-0FEA766D5187}.Debug|Any CPU.Build.0 = Debug|Any CPU
		{E0F4ED62-43F4-3330-2A3F-0FEA766D5187}.Release|Any CPU.ActiveCfg = Release|Any CPU
		{E0F4ED62-43F4-3330-2A3F-0FEA766D5187}.Release|Any CPU.Build.0 = Release|Any CPU
		{69746ABA-E7A2-46A0-0AF7-045CED966355}.Debug|Any CPU.ActiveCfg = Debug|Any CPU
		{69746ABA-E7A2-46A0-0AF7-045CED966355}.Debug|Any CPU.Build.0 = Debug|Any CPU
		{69746ABA-E7A2-46A0-0AF7-045CED966355}.Release|Any CPU.ActiveCfg = Release|Any CPU
		{69746ABA-E7A2-46A0-0AF7-045CED966355}.Release|Any CPU.Build.0 = Release|Any CPU
		{E3A9EC0C-E1A9-BD31-A60B-5EC8CE115D72}.Debug|Any CPU.ActiveCfg = Debug|Any CPU
		{E3A9EC0C-E1A9-BD31-A60B-5EC8CE115D72}.Debug|Any CPU.Build.0 = Debug|Any CPU
		{E3A9EC0C-E1A9-BD31-A60B-5EC8CE115D72}.Release|Any CPU.ActiveCfg = Release|Any CPU
		{E3A9EC0C-E1A9-BD31-A60B-5EC8CE115D72}.Release|Any CPU.Build.0 = Release|Any CPU
		{2F3B1132-2B14-9E95-A345-76833CA88354}.Debug|Any CPU.ActiveCfg = Debug|Any CPU
		{2F3B1132-2B14-9E95-A345-76833CA88354}.Debug|Any CPU.Build.0 = Debug|Any CPU
		{2F3B1132-2B14-9E95-A345-76833CA88354}.Release|Any CPU.ActiveCfg = Release|Any CPU
		{2F3B1132-2B14-9E95-A345-76833CA88354}.Release|Any CPU.Build.0 = Release|Any CPU
		{9E911637-D63B-C3B9-6A03-7D3A713B137D}.Debug|Any CPU.ActiveCfg = Debug|Any CPU
		{9E911637-D63B-C3B9-6A03-7D3A713B137D}.Debug|Any CPU.Build.0 = Debug|Any CPU
		{9E911637-D63B-C3B9-6A03-7D3A713B137D}.Release|Any CPU.ActiveCfg = Release|Any CPU
		{9E911637-D63B-C3B9-6A03-7D3A713B137D}.Release|Any CPU.Build.0 = Release|Any CPU
		{3DCE17A3-4611-8D4F-C006-83D85B76FC35}.Debug|Any CPU.ActiveCfg = Debug|Any CPU
		{3DCE17A3-4611-8D4F-C006-83D85B76FC35}.Debug|Any CPU.Build.0 = Debug|Any CPU
		{3DCE17A3-4611-8D4F-C006-83D85B76FC35}.Release|Any CPU.ActiveCfg = Release|Any CPU
		{3DCE17A3-4611-8D4F-C006-83D85B76FC35}.Release|Any CPU.Build.0 = Release|Any CPU
		{CE9BF8CC-BFB6-B7F1-5C56-77393FF0C764}.Debug|Any CPU.ActiveCfg = Debug|Any CPU
		{CE9BF8CC-BFB6-B7F1-5C56-77393FF0C764}.Debug|Any CPU.Build.0 = Debug|Any CPU
		{CE9BF8CC-BFB6-B7F1-5C56-77393FF0C764}.Release|Any CPU.ActiveCfg = Release|Any CPU
		{CE9BF8CC-BFB6-B7F1-5C56-77393FF0C764}.Release|Any CPU.Build.0 = Release|Any CPU
		{3EC7E2AD-08B2-B447-75AB-59C2C08D93D2}.Debug|Any CPU.ActiveCfg = Debug|Any CPU
		{3EC7E2AD-08B2-B447-75AB-59C2C08D93D2}.Debug|Any CPU.Build.0 = Debug|Any CPU
		{3EC7E2AD-08B2-B447-75AB-59C2C08D93D2}.Release|Any CPU.ActiveCfg = Release|Any CPU
		{3EC7E2AD-08B2-B447-75AB-59C2C08D93D2}.Release|Any CPU.Build.0 = Release|Any CPU
		{8EA1DB69-E238-8DE7-D3F3-F9442D7BC301}.Debug|Any CPU.ActiveCfg = Debug|Any CPU
		{8EA1DB69-E238-8DE7-D3F3-F9442D7BC301}.Debug|Any CPU.Build.0 = Debug|Any CPU
		{8EA1DB69-E238-8DE7-D3F3-F9442D7BC301}.Release|Any CPU.ActiveCfg = Release|Any CPU
		{8EA1DB69-E238-8DE7-D3F3-F9442D7BC301}.Release|Any CPU.Build.0 = Release|Any CPU
		{722C6D74-A467-C76F-CBDF-3E4FB09D4AE6}.Debug|Any CPU.ActiveCfg = Debug|Any CPU
		{722C6D74-A467-C76F-CBDF-3E4FB09D4AE6}.Debug|Any CPU.Build.0 = Debug|Any CPU
		{722C6D74-A467-C76F-CBDF-3E4FB09D4AE6}.Release|Any CPU.ActiveCfg = Release|Any CPU
		{722C6D74-A467-C76F-CBDF-3E4FB09D4AE6}.Release|Any CPU.Build.0 = Release|Any CPU
		{AAAFC42B-7D97-CAD1-E224-3641253F0C44}.Debug|Any CPU.ActiveCfg = Debug|Any CPU
		{AAAFC42B-7D97-CAD1-E224-3641253F0C44}.Debug|Any CPU.Build.0 = Debug|Any CPU
		{AAAFC42B-7D97-CAD1-E224-3641253F0C44}.Release|Any CPU.ActiveCfg = Release|Any CPU
		{AAAFC42B-7D97-CAD1-E224-3641253F0C44}.Release|Any CPU.Build.0 = Release|Any CPU
		{95B8C8C9-9965-E2D7-10A6-30AD4667C743}.Debug|Any CPU.ActiveCfg = Debug|Any CPU
		{95B8C8C9-9965-E2D7-10A6-30AD4667C743}.Debug|Any CPU.Build.0 = Debug|Any CPU
		{95B8C8C9-9965-E2D7-10A6-30AD4667C743}.Release|Any CPU.ActiveCfg = Release|Any CPU
		{95B8C8C9-9965-E2D7-10A6-30AD4667C743}.Release|Any CPU.Build.0 = Release|Any CPU
	EndGlobalSection
	GlobalSection(SolutionProperties) = preSolution
		HideSolutionNode = FALSE
	EndGlobalSection
EndGlobal
